
Microsoft Visual Studio Solution File, Format Version 12.00
# Visual Studio Version 17
VisualStudioVersion = 17.0.31903.59
MinimumVisualStudioVersion = 10.0.40219.1
Project("{2150E333-8FDC-42A3-9474-1A3956D46DE8}") = "src", "src", "{827E0CD3-B72D-47B6-A68D-7590B98EB39B}"
EndProject
Project("{FAE04EC0-301F-11D3-BF4B-00C04F79EFBC}") = "RevitGeoSuite.Core", "src\RevitGeoSuite.Core\RevitGeoSuite.Core.csproj", "{34C02059-11B4-4506-9A5D-33666BB11F57}"
EndProject
Project("{FAE04EC0-301F-11D3-BF4B-00C04F79EFBC}") = "RevitGeoSuite.RevitInterop", "src\RevitGeoSuite.RevitInterop\RevitGeoSuite.RevitInterop.csproj", "{AA5F3C8D-8E80-4F17-9500-2049590AF784}"
EndProject
Project("{FAE04EC0-301F-11D3-BF4B-00C04F79EFBC}") = "RevitGeoSuite.SharedUI", "src\RevitGeoSuite.SharedUI\RevitGeoSuite.SharedUI.csproj", "{8359B2BF-8BE9-4DC6-A11E-D6475D9C9707}"
EndProject
Project("{FAE04EC0-301F-11D3-BF4B-00C04F79EFBC}") = "RevitGeoSuite.Georeference", "src\RevitGeoSuite.Georeference\RevitGeoSuite.Georeference.csproj", "{103D16FA-E57D-4F2D-BAC0-25F8523A8B6D}"
EndProject
Project("{FAE04EC0-301F-11D3-BF4B-00C04F79EFBC}") = "RevitGeoSuite.Shell", "src\RevitGeoSuite.Shell\RevitGeoSuite.Shell.csproj", "{67885E13-CC1F-49F2-B77B-59DCAEA9C024}"
EndProject
Project("{2150E333-8FDC-42A3-9474-1A3956D46DE8}") = "tests", "tests", "{0AB3BF05-4346-4AA6-1389-037BE0695223}"
EndProject
Project("{FAE04EC0-301F-11D3-BF4B-00C04F79EFBC}") = "RevitGeoSuite.Core.Tests", "tests\RevitGeoSuite.Core.Tests\RevitGeoSuite.Core.Tests.csproj", "{329146D6-1EE3-42F2-9CC8-24D27F3D4992}"
EndProject
Project("{FAE04EC0-301F-11D3-BF4B-00C04F79EFBC}") = "RevitGeoSuite.Georeference.Tests", "tests\RevitGeoSuite.Georeference.Tests\RevitGeoSuite.Georeference.Tests.csproj", "{CA25C6D2-3164-4549-82EE-0BF446EFEB11}"
EndProject
Project("{FAE04EC0-301F-11D3-BF4B-00C04F79EFBC}") = "RevitGeoSuite.MeshInspector", "src\RevitGeoSuite.MeshInspector\RevitGeoSuite.MeshInspector.csproj", "{8FA94A07-C000-48A9-AE0A-1F0EEDF6AA73}"
EndProject
Project("{FAE04EC0-301F-11D3-BF4B-00C04F79EFBC}") = "RevitGeoSuite.Validation", "src\RevitGeoSuite.Validation\RevitGeoSuite.Validation.csproj", "{A6D000AE-7359-4401-BCDC-45BAC034FA6F}"
EndProject
Project("{FAE04EC0-301F-11D3-BF4B-00C04F79EFBC}") = "RevitGeoSuite.MeshInspector.Tests", "tests\RevitGeoSuite.MeshInspector.Tests\RevitGeoSuite.MeshInspector.Tests.csproj", "{E6D05F5A-F401-4E24-A6A7-9CB9DF2250D7}"
EndProject
Project("{FAE04EC0-301F-11D3-BF4B-00C04F79EFBC}") = "RevitGeoSuite.Validation.Tests", "tests\RevitGeoSuite.Validation.Tests\RevitGeoSuite.Validation.Tests.csproj", "{455CC375-AE74-4E02-B862-FCA712499F48}"
EndProject
Project("{FAE04EC0-301F-11D3-BF4B-00C04F79EFBC}") = "RevitGeoSuite.Core.Plateau", "src\RevitGeoSuite.Core.Plateau\RevitGeoSuite.Core.Plateau.csproj", "{1B9C5E50-B423-4794-944B-F1F3D73798B2}"
EndProject
Project("{FAE04EC0-301F-11D3-BF4B-00C04F79EFBC}") = "RevitGeoSuite.PlateauImport", "src\RevitGeoSuite.PlateauImport\RevitGeoSuite.PlateauImport.csproj", "{A728D3CC-104D-4D5A-B210-B2204DAEFE79}"
EndProject
Project("{FAE04EC0-301F-11D3-BF4B-00C04F79EFBC}") = "RevitGeoSuite.Core.Plateau.Tests", "tests\RevitGeoSuite.Core.Plateau.Tests\RevitGeoSuite.Core.Plateau.Tests.csproj", "{6C3CCBBD-72EF-4A57-ADC4-711CD93494F3}"
EndProject
Project("{FAE04EC0-301F-11D3-BF4B-00C04F79EFBC}") = "RevitGeoSuite.PlateauImport.Tests", "tests\RevitGeoSuite.PlateauImport.Tests\RevitGeoSuite.PlateauImport.Tests.csproj", "{C3BC2996-A745-42F5-9D93-6B020269D205}"
EndProject
Global
	GlobalSection(SolutionConfigurationPlatforms) = preSolution
		Debug|Any CPU = Debug|Any CPU
		Debug|x64 = Debug|x64
		Debug|x86 = Debug|x86
		Release|Any CPU = Release|Any CPU
		Release|x64 = Release|x64
		Release|x86 = Release|x86
	EndGlobalSection
	GlobalSection(ProjectConfigurationPlatforms) = postSolution
		{34C02059-11B4-4506-9A5D-33666BB11F57}.Debug|Any CPU.ActiveCfg = Debug|Any CPU
		{34C02059-11B4-4506-9A5D-33666BB11F57}.Debug|Any CPU.Build.0 = Debug|Any CPU
		{34C02059-11B4-4506-9A5D-33666BB11F57}.Debug|x64.ActiveCfg = Debug|Any CPU
		{34C02059-11B4-4506-9A5D-33666BB11F57}.Debug|x64.Build.0 = Debug|Any CPU
		{34C02059-11B4-4506-9A5D-33666BB11F57}.Debug|x86.ActiveCfg = Debug|Any CPU
		{34C02059-11B4-4506-9A5D-33666BB11F57}.Debug|x86.Build.0 = Debug|Any CPU
		{34C02059-11B4-4506-9A5D-33666BB11F57}.Release|Any CPU.ActiveCfg = Release|Any CPU
		{34C02059-11B4-4506-9A5D-33666BB11F57}.Release|Any CPU.Build.0 = Release|Any CPU
		{34C02059-11B4-4506-9A5D-33666BB11F57}.Release|x64.ActiveCfg = Release|Any CPU
		{34C02059-11B4-4506-9A5D-33666BB11F57}.Release|x64.Build.0 = Release|Any CPU
		{34C02059-11B4-4506-9A5D-33666BB11F57}.Release|x86.ActiveCfg = Release|Any CPU
		{34C02059-11B4-4506-9A5D-33666BB11F57}.Release|x86.Build.0 = Release|Any CPU
		{AA5F3C8D-8E80-4F17-9500-2049590AF784}.Debug|Any CPU.ActiveCfg = Debug|Any CPU
		{AA5F3C8D-8E80-4F17-9500-2049590AF784}.Debug|Any CPU.Build.0 = Debug|Any CPU
		{AA5F3C8D-8E80-4F17-9500-2049590AF784}.Debug|x64.ActiveCfg = Debug|Any CPU
		{AA5F3C8D-8E80-4F17-9500-2049590AF784}.Debug|x64.Build.0 = Debug|Any CPU
		{AA5F3C8D-8E80-4F17-9500-2049590AF784}.Debug|x86.ActiveCfg = Debug|Any CPU
		{AA5F3C8D-8E80-4F17-9500-2049590AF784}.Debug|x86.Build.0 = Debug|Any CPU
		{AA5F3C8D-8E80-4F17-9500-2049590AF784}.Release|Any CPU.ActiveCfg = Release|Any CPU
		{AA5F3C8D-8E80-4F17-9500-2049590AF784}.Release|Any CPU.Build.0 = Release|Any CPU
		{AA5F3C8D-8E80-4F17-9500-2049590AF784}.Release|x64.ActiveCfg = Release|Any CPU
		{AA5F3C8D-8E80-4F17-9500-2049590AF784}.Release|x64.Build.0 = Release|Any CPU
		{AA5F3C8D-8E80-4F17-9500-2049590AF784}.Release|x86.ActiveCfg = Release|Any CPU
		{AA5F3C8D-8E80-4F17-9500-2049590AF784}.Release|x86.Build.0 = Release|Any CPU
		{8359B2BF-8BE9-4DC6-A11E-D6475D9C9707}.Debug|Any CPU.ActiveCfg = Debug|Any CPU
		{8359B2BF-8BE9-4DC6-A11E-D6475D9C9707}.Debug|Any CPU.Build.0 = Debug|Any CPU
		{8359B2BF-8BE9-4DC6-A11E-D6475D9C9707}.Debug|x64.ActiveCfg = Debug|Any CPU
		{8359B2BF-8BE9-4DC6-A11E-D6475D9C9707}.Debug|x64.Build.0 = Debug|Any CPU
		{8359B2BF-8BE9-4DC6-A11E-D6475D9C9707}.Debug|x86.ActiveCfg = Debug|Any CPU
		{8359B2BF-8BE9-4DC6-A11E-D6475D9C9707}.Debug|x86.Build.0 = Debug|Any CPU
		{8359B2BF-8BE9-4DC6-A11E-D6475D9C9707}.Release|Any CPU.ActiveCfg = Release|Any CPU
		{8359B2BF-8BE9-4DC6-A11E-D6475D9C9707}.Release|Any CPU.Build.0 = Release|Any CPU
		{8359B2BF-8BE9-4DC6-A11E-D6475D9C9707}.Release|x64.ActiveCfg = Release|Any CPU
		{8359B2BF-8BE9-4DC6-A11E-D6475D9C9707}.Release|x64.Build.0 = Release|Any CPU
		{8359B2BF-8BE9-4DC6-A11E-D6475D9C9707}.Release|x86.ActiveCfg = Release|Any CPU
		{8359B2BF-8BE9-4DC6-A11E-D6475D9C9707}.Release|x86.Build.0 = Release|Any CPU
		{103D16FA-E57D-4F2D-BAC0-25F8523A8B6D}.Debug|Any CPU.ActiveCfg = Debug|Any CPU
		{103D16FA-E57D-4F2D-BAC0-25F8523A8B6D}.Debug|Any CPU.Build.0 = Debug|Any CPU
		{103D16FA-E57D-4F2D-BAC0-25F8523A8B6D}.Debug|x64.ActiveCfg = Debug|Any CPU
		{103D16FA-E57D-4F2D-BAC0-25F8523A8B6D}.Debug|x64.Build.0 = Debug|Any CPU
		{103D16FA-E57D-4F2D-BAC0-25F8523A8B6D}.Debug|x86.ActiveCfg = Debug|Any CPU
		{103D16FA-E57D-4F2D-BAC0-25F8523A8B6D}.Debug|x86.Build.0 = Debug|Any CPU
		{103D16FA-E57D-4F2D-BAC0-25F8523A8B6D}.Release|Any CPU.ActiveCfg = Release|Any CPU
		{103D16FA-E57D-4F2D-BAC0-25F8523A8B6D}.Release|Any CPU.Build.0 = Release|Any CPU
		{103D16FA-E57D-4F2D-BAC0-25F8523A8B6D}.Release|x64.ActiveCfg = Release|Any CPU
		{103D16FA-E57D-4F2D-BAC0-25F8523A8B6D}.Release|x64.Build.0 = Release|Any CPU
		{103D16FA-E57D-4F2D-BAC0-25F8523A8B6D}.Release|x86.ActiveCfg = Release|Any CPU
		{103D16FA-E57D-4F2D-BAC0-25F8523A8B6D}.Release|x86.Build.0 = Release|Any CPU
		{67885E13-CC1F-49F2-B77B-59DCAEA9C024}.Debug|Any CPU.ActiveCfg = Debug|Any CPU
		{67885E13-CC1F-49F2-B77B-59DCAEA9C024}.Debug|Any CPU.Build.0 = Debug|Any CPU
		{67885E13-CC1F-49F2-B77B-59DCAEA9C024}.Debug|x64.ActiveCfg = Debug|Any CPU
		{67885E13-CC1F-49F2-B77B-59DCAEA9C024}.Debug|x64.Build.0 = Debug|Any CPU
		{67885E13-CC1F-49F2-B77B-59DCAEA9C024}.Debug|x86.ActiveCfg = Debug|Any CPU
		{67885E13-CC1F-49F2-B77B-59DCAEA9C024}.Debug|x86.Build.0 = Debug|Any CPU
		{67885E13-CC1F-49F2-B77B-59DCAEA9C024}.Release|Any CPU.ActiveCfg = Release|Any CPU
		{67885E13-CC1F-49F2-B77B-59DCAEA9C024}.Release|Any CPU.Build.0 = Release|Any CPU
		{67885E13-CC1F-49F2-B77B-59DCAEA9C024}.Release|x64.ActiveCfg = Release|Any CPU
		{67885E13-CC1F-49F2-B77B-59DCAEA9C024}.Release|x64.Build.0 = Release|Any CPU
		{67885E13-CC1F-49F2-B77B-59DCAEA9C024}.Release|x86.ActiveCfg = Release|Any CPU
		{67885E13-CC1F-49F2-B77B-59DCAEA9C024}.Release|x86.Build.0 = Release|Any CPU
		{329146D6-1EE3-42F2-9CC8-24D27F3D4992}.Debug|Any CPU.ActiveCfg = Debug|Any CPU
		{329146D6-1EE3-42F2-9CC8-24D27F3D4992}.Debug|Any CPU.Build.0 = Debug|Any CPU
		{329146D6-1EE3-42F2-9CC8-24D27F3D4992}.Debug|x64.ActiveCfg = Debug|Any CPU
		{329146D6-1EE3-42F2-9CC8-24D27F3D4992}.Debug|x64.Build.0 = Debug|Any CPU
		{329146D6-1EE3-42F2-9CC8-24D27F3D4992}.Debug|x86.ActiveCfg = Debug|Any CPU
		{329146D6-1EE3-42F2-9CC8-24D27F3D4992}.Debug|x86.Build.0 = Debug|Any CPU
		{329146D6-1EE3-42F2-9CC8-24D27F3D4992}.Release|Any CPU.ActiveCfg = Release|Any CPU
		{329146D6-1EE3-42F2-9CC8-24D27F3D4992}.Release|Any CPU.Build.0 = Release|Any CPU
		{329146D6-1EE3-42F2-9CC8-24D27F3D4992}.Release|x64.ActiveCfg = Release|Any CPU
		{329146D6-1EE3-42F2-9CC8-24D27F3D4992}.Release|x64.Build.0 = Release|Any CPU
		{329146D6-1EE3-42F2-9CC8-24D27F3D4992}.Release|x86.ActiveCfg = Release|Any CPU
		{329146D6-1EE3-42F2-9CC8-24D27F3D4992}.Release|x86.Build.0 = Release|Any CPU
		{CA25C6D2-3164-4549-82EE-0BF446EFEB11}.Debug|Any CPU.ActiveCfg = Debug|Any CPU
		{CA25C6D2-3164-4549-82EE-0BF446EFEB11}.Debug|Any CPU.Build.0 = Debug|Any CPU
		{CA25C6D2-3164-4549-82EE-0BF446EFEB11}.Debug|x64.ActiveCfg = Debug|Any CPU
		{CA25C6D2-3164-4549-82EE-0BF446EFEB11}.Debug|x64.Build.0 = Debug|Any CPU
		{CA25C6D2-3164-4549-82EE-0BF446EFEB11}.Debug|x86.ActiveCfg = Debug|Any CPU
		{CA25C6D2-3164-4549-82EE-0BF446EFEB11}.Debug|x86.Build.0 = Debug|Any CPU
		{CA25C6D2-3164-4549-82EE-0BF446EFEB11}.Release|Any CPU.ActiveCfg = Release|Any CPU
		{CA25C6D2-3164-4549-82EE-0BF446EFEB11}.Release|Any CPU.Build.0 = Release|Any CPU
		{CA25C6D2-3164-4549-82EE-0BF446EFEB11}.Release|x64.ActiveCfg = Release|Any CPU
		{CA25C6D2-3164-4549-82EE-0BF446EFEB11}.Release|x64.Build.0 = Release|Any CPU
		{CA25C6D2-3164-4549-82EE-0BF446EFEB11}.Release|x86.ActiveCfg = Release|Any CPU
		{CA25C6D2-3164-4549-82EE-0BF446EFEB11}.Release|x86.Build.0 = Release|Any CPU
		{8FA94A07-C000-48A9-AE0A-1F0EEDF6AA73}.Debug|Any CPU.ActiveCfg = Debug|Any CPU
		{8FA94A07-C000-48A9-AE0A-1F0EEDF6AA73}.Debug|Any CPU.Build.0 = Debug|Any CPU
		{8FA94A07-C000-48A9-AE0A-1F0EEDF6AA73}.Debug|x64.ActiveCfg = Debug|Any CPU
		{8FA94A07-C000-48A9-AE0A-1F0EEDF6AA73}.Debug|x64.Build.0 = Debug|Any CPU
		{8FA94A07-C000-48A9-AE0A-1F0EEDF6AA73}.Debug|x86.ActiveCfg = Debug|Any CPU
		{8FA94A07-C000-48A9-AE0A-1F0EEDF6AA73}.Debug|x86.Build.0 = Debug|Any CPU
		{8FA94A07-C000-48A9-AE0A-1F0EEDF6AA73}.Release|Any CPU.ActiveCfg = Release|Any CPU
		{8FA94A07-C000-48A9-AE0A-1F0EEDF6AA73}.Release|Any CPU.Build.0 = Release|Any CPU
		{8FA94A07-C000-48A9-AE0A-1F0EEDF6AA73}.Release|x64.ActiveCfg = Release|Any CPU
		{8FA94A07-C000-48A9-AE0A-1F0EEDF6AA73}.Release|x64.Build.0 = Release|Any CPU
		{8FA94A07-C000-48A9-AE0A-1F0EEDF6AA73}.Release|x86.ActiveCfg = Release|Any CPU
		{8FA94A07-C000-48A9-AE0A-1F0EEDF6AA73}.Release|x86.Build.0 = Release|Any CPU
		{A6D000AE-7359-4401-BCDC-45BAC034FA6F}.Debug|Any CPU.ActiveCfg = Debug|Any CPU
		{A6D000AE-7359-4401-BCDC-45BAC034FA6F}.Debug|Any CPU.Build.0 = Debug|Any CPU
		{A6D000AE-7359-4401-BCDC-45BAC034FA6F}.Debug|x64.ActiveCfg = Debug|Any CPU
		{A6D000AE-7359-4401-BCDC-45BAC034FA6F}.Debug|x64.Build.0 = Debug|Any CPU
		{A6D000AE-7359-4401-BCDC-45BAC034FA6F}.Debug|x86.ActiveCfg = Debug|Any CPU
		{A6D000AE-7359-4401-BCDC-45BAC034FA6F}.Debug|x86.Build.0 = Debug|Any CPU
		{A6D000AE-7359-4401-BCDC-45BAC034FA6F}.Release|Any CPU.ActiveCfg = Release|Any CPU
		{A6D000AE-7359-4401-BCDC-45BAC034FA6F}.Release|Any CPU.Build.0 = Release|Any CPU
		{A6D000AE-7359-4401-BCDC-45BAC034FA6F}.Release|x64.ActiveCfg = Release|Any CPU
		{A6D000AE-7359-4401-BCDC-45BAC034FA6F}.Release|x64.Build.0 = Release|Any CPU
		{A6D000AE-7359-4401-BCDC-45BAC034FA6F}.Release|x86.ActiveCfg = Release|Any CPU
		{A6D000AE-7359-4401-BCDC-45BAC034FA6F}.Release|x86.Build.0 = Release|Any CPU
		{E6D05F5A-F401-4E24-A6A7-9CB9DF2250D7}.Debug|Any CPU.ActiveCfg = Debug|Any CPU
		{E6D05F5A-F401-4E24-A6A7-9CB9DF2250D7}.Debug|Any CPU.Build.0 = Debug|Any CPU
		{E6D05F5A-F401-4E24-A6A7-9CB9DF2250D7}.Debug|x64.ActiveCfg = Debug|Any CPU
		{E6D05F5A-F401-4E24-A6A7-9CB9DF2250D7}.Debug|x64.Build.0 = Debug|Any CPU
		{E6D05F5A-F401-4E24-A6A7-9CB9DF2250D7}.Debug|x86.ActiveCfg = Debug|Any CPU
		{E6D05F5A-F401-4E24-A6A7-9CB9DF2250D7}.Debug|x86.Build.0 = Debug|Any CPU
		{E6D05F5A-F401-4E24-A6A7-9CB9DF2250D7}.Release|Any CPU.ActiveCfg = Release|Any CPU
		{E6D05F5A-F401-4E24-A6A7-9CB9DF2250D7}.Release|Any CPU.Build.0 = Release|Any CPU
		{E6D05F5A-F401-4E24-A6A7-9CB9DF2250D7}.Release|x64.ActiveCfg = Release|Any CPU
		{E6D05F5A-F401-4E24-A6A7-9CB9DF2250D7}.Release|x64.Build.0 = Release|Any CPU
		{E6D05F5A-F401-4E24-A6A7-9CB9DF2250D7}.Release|x86.ActiveCfg = Release|Any CPU
		{E6D05F5A-F401-4E24-A6A7-9CB9DF2250D7}.Release|x86.Build.0 = Release|Any CPU
		{455CC375-AE74-4E02-B862-FCA712499F48}.Debug|Any CPU.ActiveCfg = Debug|Any CPU
		{455CC375-AE74-4E02-B862-FCA712499F48}.Debug|Any CPU.Build.0 = Debug|Any CPU
		{455CC375-AE74-4E02-B862-FCA712499F48}.Debug|x64.ActiveCfg = Debug|Any CPU
		{455CC375-AE74-4E02-B862-FCA712499F48}.Debug|x64.Build.0 = Debug|Any CPU
		{455CC375-AE74-4E02-B862-FCA712499F48}.Debug|x86.ActiveCfg = Debug|Any CPU
		{455CC375-AE74-4E02-B862-FCA712499F48}.Debug|x86.Build.0 = Debug|Any CPU
		{455CC375-AE74-4E02-B862-FCA712499F48}.Release|Any CPU.ActiveCfg = Release|Any CPU
		{455CC375-AE74-4E02-B862-FCA712499F48}.Release|Any CPU.Build.0 = Release|Any CPU
		{455CC375-AE74-4E02-B862-FCA712499F48}.Release|x64.ActiveCfg = Release|Any CPU
		{455CC375-AE74-4E02-B862-FCA712499F48}.Release|x64.Build.0 = Release|Any CPU
		{455CC375-AE74-4E02-B862-FCA712499F48}.Release|x86.ActiveCfg = Release|Any CPU
		{455CC375-AE74-4E02-B862-FCA712499F48}.Release|x86.Build.0 = Release|Any CPU
		{1B9C5E50-B423-4794-944B-F1F3D73798B2}.Debug|Any CPU.ActiveCfg = Debug|Any CPU
		{1B9C5E50-B423-4794-944B-F1F3D73798B2}.Debug|Any CPU.Build.0 = Debug|Any CPU
		{1B9C5E50-B423-4794-944B-F1F3D73798B2}.Debug|x64.ActiveCfg = Debug|Any CPU
		{1B9C5E50-B423-4794-944B-F1F3D73798B2}.Debug|x64.Build.0 = Debug|Any CPU
		{1B9C5E50-B423-4794-944B-F1F3D73798B2}.Debug|x86.ActiveCfg = Debug|Any CPU
		{1B9C5E50-B423-4794-944B-F1F3D73798B2}.Debug|x86.Build.0 = Debug|Any CPU
		{1B9C5E50-B423-4794-944B-F1F3D73798B2}.Release|Any CPU.ActiveCfg = Release|Any CPU
		{1B9C5E50-B423-4794-944B-F1F3D73798B2}.Release|Any CPU.Build.0 = Release|Any CPU
		{1B9C5E50-B423-4794-944B-F1F3D73798B2}.Release|x64.ActiveCfg = Release|Any CPU
		{1B9C5E50-B423-4794-944B-F1F3D73798B2}.Release|x64.Build.0 = Release|Any CPU
		{1B9C5E50-B423-4794-944B-F1F3D73798B2}.Release|x86.ActiveCfg = Release|Any CPU
		{1B9C5E50-B423-4794-944B-F1F3D73798B2}.Release|x86.Build.0 = Release|Any CPU
		{A728D3CC-104D-4D5A-B210-B2204DAEFE79}.Debug|Any CPU.ActiveCfg = Debug|Any CPU
		{A728D3CC-104D-4D5A-B210-B2204DAEFE79}.Debug|Any CPU.Build.0 = Debug|Any CPU
		{A728D3CC-104D-4D5A-B210-B2204DAEFE79}.Debug|x64.ActiveCfg = Debug|Any CPU
		{A728D3CC-104D-4D5A-B210-B2204DAEFE79}.Debug|x64.Build.0 = Debug|Any CPU
		{A728D3CC-104D-4D5A-B210-B2204DAEFE79}.Debug|x86.ActiveCfg = Debug|Any CPU
		{A728D3CC-104D-4D5A-B210-B2204DAEFE79}.Debug|x86.Build.0 = Debug|Any CPU
		{A728D3CC-104D-4D5A-B210-B2204DAEFE79}.Release|Any CPU.ActiveCfg = Release|Any CPU
		{A728D3CC-104D-4D5A-B210-B2204DAEFE79}.Release|Any CPU.Build.0 = Release|Any CPU
		{A728D3CC-104D-4D5A-B210-B2204DAEFE79}.Release|x64.ActiveCfg = Release|Any CPU
		{A728D3CC-104D-4D5A-B210-B2204DAEFE79}.Release|x64.Build.0 = Release|Any CPU
		{A728D3CC-104D-4D5A-B210-B2204DAEFE79}.Release|x86.ActiveCfg = Release|Any CPU
		{A728D3CC-104D-4D5A-B210-B2204DAEFE79}.Release|x86.Build.0 = Release|Any CPU
		{6C3CCBBD-72EF-4A57-ADC4-711CD93494F3}.Debug|Any CPU.ActiveCfg = Debug|Any CPU
		{6C3CCBBD-72EF-4A57-ADC4-711CD93494F3}.Debug|Any CPU.Build.0 = Debug|Any CPU
		{6C3CCBBD-72EF-4A57-ADC4-711CD93494F3}.Debug|x64.ActiveCfg = Debug|Any CPU
		{6C3CCBBD-72EF-4A57-ADC4-711CD93494F3}.Debug|x64.Build.0 = Debug|Any CPU
		{6C3CCBBD-72EF-4A57-ADC4-711CD93494F3}.Debug|x86.ActiveCfg = Debug|Any CPU
		{6C3CCBBD-72EF-4A57-ADC4-711CD93494F3}.Debug|x86.Build.0 = Debug|Any CPU
		{6C3CCBBD-72EF-4A57-ADC4-711CD93494F3}.Release|Any CPU.ActiveCfg = Release|Any CPU
		{6C3CCBBD-72EF-4A57-ADC4-711CD93494F3}.Release|Any CPU.Build.0 = Release|Any CPU
		{6C3CCBBD-72EF-4A57-ADC4-711CD93494F3}.Release|x64.ActiveCfg = Release|Any CPU
		{6C3CCBBD-72EF-4A57-ADC4-711CD93494F3}.Release|x64.Build.0 = Release|Any CPU
		{6C3CCBBD-72EF-4A57-ADC4-711CD93494F3}.Release|x86.ActiveCfg = Release|Any CPU
		{6C3CCBBD-72EF-4A57-ADC4-711CD93494F3}.Release|x86.Build.0 = Release|Any CPU
		{C3BC2996-A745-42F5-9D93-6B020269D205}.Debug|Any CPU.ActiveCfg = Debug|Any CPU
		{C3BC2996-A745-42F5-9D93-6B020269D205}.Debug|Any CPU.Build.0 = Debug|Any CPU
		{C3BC2996-A745-42F5-9D93-6B020269D205}.Debug|x64.ActiveCfg = Debug|Any CPU
		{C3BC2996-A745-42F5-9D93-6B020269D205}.Debug|x64.Build.0 = Debug|Any CPU
		{C3BC2996-A745-42F5-9D93-6B020269D205}.Debug|x86.ActiveCfg = Debug|Any CPU
		{C3BC2996-A745-42F5-9D93-6B020269D205}.Debug|x86.Build.0 = Debug|Any CPU
		{C3BC2996-A745-42F5-9D93-6B020269D205}.Release|Any CPU.ActiveCfg = Release|Any CPU
		{C3BC2996-A745-42F5-9D93-6B020269D205}.Release|Any CPU.Build.0 = Release|Any CPU
		{C3BC2996-A745-42F5-9D93-6B020269D205}.Release|x64.ActiveCfg = Release|Any CPU
		{C3BC2996-A745-42F5-9D93-6B020269D205}.Release|x64.Build.0 = Release|Any CPU
		{C3BC2996-A745-42F5-9D93-6B020269D205}.Release|x86.ActiveCfg = Release|Any CPU
		{C3BC2996-A745-42F5-9D93-6B020269D205}.Release|x86.Build.0 = Release|Any CPU
	EndGlobalSection
	GlobalSection(SolutionProperties) = preSolution
		HideSolutionNode = FALSE
	EndGlobalSection
	GlobalSection(NestedProjects) = preSolution
		{34C02059-11B4-4506-9A5D-33666BB11F57} = {827E0CD3-B72D-47B6-A68D-7590B98EB39B}
		{AA5F3C8D-8E80-4F17-9500-2049590AF784} = {827E0CD3-B72D-47B6-A68D-7590B98EB39B}
		{8359B2BF-8BE9-4DC6-A11E-D6475D9C9707} = {827E0CD3-B72D-47B6-A68D-7590B98EB39B}
		{103D16FA-E57D-4F2D-BAC0-25F8523A8B6D} = {827E0CD3-B72D-47B6-A68D-7590B98EB39B}
		{67885E13-CC1F-49F2-B77B-59DCAEA9C024} = {827E0CD3-B72D-47B6-A68D-7590B98EB39B}
		{329146D6-1EE3-42F2-9CC8-24D27F3D4992} = {0AB3BF05-4346-4AA6-1389-037BE0695223}
		{CA25C6D2-3164-4549-82EE-0BF446EFEB11} = {0AB3BF05-4346-4AA6-1389-037BE0695223}
		{8FA94A07-C000-48A9-AE0A-1F0EEDF6AA73} = {827E0CD3-B72D-47B6-A68D-7590B98EB39B}
		{A6D000AE-7359-4401-BCDC-45BAC034FA6F} = {827E0CD3-B72D-47B6-A68D-7590B98EB39B}
		{E6D05F5A-F401-4E24-A6A7-9CB9DF2250D7} = {0AB3BF05-4346-4AA6-1389-037BE0695223}
		{455CC375-AE74-4E02-B862-FCA712499F48} = {0AB3BF05-4346-4AA6-1389-037BE0695223}
		{1B9C5E50-B423-4794-944B-F1F3D73798B2} = {827E0CD3-B72D-47B6-A68D-7590B98EB39B}
		{A728D3CC-104D-4D5A-B210-B2204DAEFE79} = {827E0CD3-B72D-47B6-A68D-7590B98EB39B}
		{6C3CCBBD-72EF-4A57-ADC4-711CD93494F3} = {0AB3BF05-4346-4AA6-1389-037BE0695223}
		{C3BC2996-A745-42F5-9D93-6B020269D205} = {0AB3BF05-4346-4AA6-1389-037BE0695223}
	EndGlobalSection
EndGlobal
